
Microsoft Visual Studio Solution File, Format Version 12.00
# Visual Studio 14
VisualStudioVersion = 14.0.25420.1
MinimumVisualStudioVersion = 10.0.40219.1
Project("{FAE04EC0-301F-11D3-BF4B-00C04F79EFBC}") = "ITA.Schedule", "ITA.Schedule\ITA.Schedule.csproj", "{CFDF3D1F-DDE7-4981-ABB8-EAD107ADD4CA}"
EndProject
Project("{FAE04EC0-301F-11D3-BF4B-00C04F79EFBC}") = "ITA.Schedule.Entity", "ITA.Schedule.Entity\ITA.Schedule.Entity.csproj", "{E70BFA1A-EC9C-459C-A9EF-4D3FA5BC97BF}"
EndProject
Project("{FAE04EC0-301F-11D3-BF4B-00C04F79EFBC}") = "ITA.Schedule.DAL", "ITA.Schedule.DAL\ITA.Schedule.DAL.csproj", "{4700E086-7E91-4E23-92DD-69FABBDA84ED}"
EndProject
Project("{FAE04EC0-301F-11D3-BF4B-00C04F79EFBC}") = "ITA.Schedule.BLL", "ITA.Schedule.BLL\ITA.Schedule.BLL.csproj", "{A65EF8F1-574E-481F-ACBF-B6C0717FE8CA}"
EndProject
Project("{FAE04EC0-301F-11D3-BF4B-00C04F79EFBC}") = "ITA.Schedule.Tests", "ITA.Schedule.Tests\ITA.Schedule.Tests.csproj", "{04D37C98-BB5C-412C-ACCC-1CA4F57C4C94}"
EndProject
Project("{FAE04EC0-301F-11D3-BF4B-00C04F79EFBC}") = "ITA.Schedule.Util", "ITA.Schedule.Util\ITA.Schedule.Util.csproj", "{85BCF03A-DFA9-4A12-8A6D-2887CA1AE871}"
EndProject
Global
	GlobalSection(SolutionConfigurationPlatforms) = preSolution
		Debug|Any CPU = Debug|Any CPU
		Release|Any CPU = Release|Any CPU
	EndGlobalSection
	GlobalSection(ProjectConfigurationPlatforms) = postSolution
		{CFDF3D1F-DDE7-4981-ABB8-EAD107ADD4CA}.Debug|Any CPU.ActiveCfg = Debug|Any CPU
		{CFDF3D1F-DDE7-4981-ABB8-EAD107ADD4CA}.Debug|Any CPU.Build.0 = Debug|Any CPU
		{CFDF3D1F-DDE7-4981-ABB8-EAD107ADD4CA}.Release|Any CPU.ActiveCfg = Release|Any CPU
		{CFDF3D1F-DDE7-4981-ABB8-EAD107ADD4CA}.Release|Any CPU.Build.0 = Release|Any CPU
		{E70BFA1A-EC9C-459C-A9EF-4D3FA5BC97BF}.Debug|Any CPU.ActiveCfg = Debug|Any CPU
		{E70BFA1A-EC9C-459C-A9EF-4D3FA5BC97BF}.Debug|Any CPU.Build.0 = Debug|Any CPU
		{E70BFA1A-EC9C-459C-A9EF-4D3FA5BC97BF}.Release|Any CPU.ActiveCfg = Release|Any CPU
		{E70BFA1A-EC9C-459C-A9EF-4D3FA5BC97BF}.Release|Any CPU.Build.0 = Release|Any CPU
		{4700E086-7E91-4E23-92DD-69FABBDA84ED}.Debug|Any CPU.ActiveCfg = Debug|Any CPU
		{4700E086-7E91-4E23-92DD-69FABBDA84ED}.Debug|Any CPU.Build.0 = Debug|Any CPU
		{4700E086-7E91-4E23-92DD-69FABBDA84ED}.Release|Any CPU.ActiveCfg = Release|Any CPU
		{4700E086-7E91-4E23-92DD-69FABBDA84ED}.Release|Any CPU.Build.0 = Release|Any CPU
		{A65EF8F1-574E-481F-ACBF-B6C0717FE8CA}.Debug|Any CPU.ActiveCfg = Debug|Any CPU
		{A65EF8F1-574E-481F-ACBF-B6C0717FE8CA}.Debug|Any CPU.Build.0 = Debug|Any CPU
		{A65EF8F1-574E-481F-ACBF-B6C0717FE8CA}.Release|Any CPU.ActiveCfg = Release|Any CPU
		{A65EF8F1-574E-481F-ACBF-B6C0717FE8CA}.Release|Any CPU.Build.0 = Release|Any CPU
		{04D37C98-BB5C-412C-ACCC-1CA4F57C4C94}.Debug|Any CPU.ActiveCfg = Debug|Any CPU
		{04D37C98-BB5C-412C-ACCC-1CA4F57C4C94}.Debug|Any CPU.Build.0 = Debug|Any CPU
		{04D37C98-BB5C-412C-ACCC-1CA4F57C4C94}.Release|Any CPU.ActiveCfg = Release|Any CPU
		{04D37C98-BB5C-412C-ACCC-1CA4F57C4C94}.Release|Any CPU.Build.0 = Release|Any CPU
		{85BCF03A-DFA9-4A12-8A6D-2887CA1AE871}.Debug|Any CPU.ActiveCfg = Debug|Any CPU
		{85BCF03A-DFA9-4A12-8A6D-2887CA1AE871}.Debug|Any CPU.Build.0 = Debug|Any CPU
		{85BCF03A-DFA9-4A12-8A6D-2887CA1AE871}.Release|Any CPU.ActiveCfg = Release|Any CPU
		{85BCF03A-DFA9-4A12-8A6D-2887CA1AE871}.Release|Any CPU.Build.0 = Release|Any CPU
	EndGlobalSection
	GlobalSection(SolutionProperties) = preSolution
		HideSolutionNode = FALSE
	EndGlobalSection
EndGlobal
